
Microsoft Visual Studio Solution File, Format Version 12.00
# Visual Studio 15
VisualStudioVersion = 15.0.28307.106
MinimumVisualStudioVersion = 10.0.40219.1
Project("{9A19103F-16F7-4668-BE54-9A1E7A4F7556}") = "MusicPlayer.Core", "MusicPlayer.Core\MusicPlayer.Core.csproj", "{F566EDA3-7040-449C-B734-8CE3ABA3D8D9}"
EndProject
Project("{9A19103F-16F7-4668-BE54-9A1E7A4F7556}") = "MusicPlayer.Data", "MusicPlayer.Data\MusicPlayer.Data.csproj", "{28C233A4-F253-4801-BF89-74EB4B06CAC9}"
EndProject
Project("{9A19103F-16F7-4668-BE54-9A1E7A4F7556}") = "MusicPlayer.DatabaseService", "MusicPlayer.Database\MusicPlayer.DatabaseService.csproj", "{56FBAF44-B488-4E03-BF3E-167B123CEB06}"
EndProject
Project("{FAE04EC0-301F-11D3-BF4B-00C04F79EFBC}") = "MusicPlayer.UWP", "MusicPlayer.UWP\MusicPlayer.UWP.csproj", "{5D1D361E-7D67-4E2B-9B4B-3AD860DE7F50}"
EndProject
Project("{FAE04EC0-301F-11D3-BF4B-00C04F79EFBC}") = "MusicPlayer.Service", "Service\MusicPlayer.Service.csproj", "{AED00581-BD5D-4847-A501-01091C67B14C}"
EndProject
Global
	GlobalSection(SolutionConfigurationPlatforms) = preSolution
		Debug|Any CPU = Debug|Any CPU
		Debug|ARM = Debug|ARM
		Debug|ARM64 = Debug|ARM64
		Debug|x64 = Debug|x64
		Debug|x86 = Debug|x86
		Release|Any CPU = Release|Any CPU
		Release|ARM = Release|ARM
		Release|ARM64 = Release|ARM64
		Release|x64 = Release|x64
		Release|x86 = Release|x86
	EndGlobalSection
	GlobalSection(ProjectConfigurationPlatforms) = postSolution
		{F566EDA3-7040-449C-B734-8CE3ABA3D8D9}.Debug|Any CPU.ActiveCfg = Debug|Any CPU
		{F566EDA3-7040-449C-B734-8CE3ABA3D8D9}.Debug|Any CPU.Build.0 = Debug|Any CPU
		{F566EDA3-7040-449C-B734-8CE3ABA3D8D9}.Debug|ARM.ActiveCfg = Debug|Any CPU
		{F566EDA3-7040-449C-B734-8CE3ABA3D8D9}.Debug|ARM.Build.0 = Debug|Any CPU
		{F566EDA3-7040-449C-B734-8CE3ABA3D8D9}.Debug|ARM64.ActiveCfg = Debug|Any CPU
		{F566EDA3-7040-449C-B734-8CE3ABA3D8D9}.Debug|ARM64.Build.0 = Debug|Any CPU
		{F566EDA3-7040-449C-B734-8CE3ABA3D8D9}.Debug|x64.ActiveCfg = Debug|Any CPU
		{F566EDA3-7040-449C-B734-8CE3ABA3D8D9}.Debug|x64.Build.0 = Debug|Any CPU
		{F566EDA3-7040-449C-B734-8CE3ABA3D8D9}.Debug|x86.ActiveCfg = Debug|Any CPU
		{F566EDA3-7040-449C-B734-8CE3ABA3D8D9}.Debug|x86.Build.0 = Debug|Any CPU
		{F566EDA3-7040-449C-B734-8CE3ABA3D8D9}.Release|Any CPU.ActiveCfg = Release|Any CPU
		{F566EDA3-7040-449C-B734-8CE3ABA3D8D9}.Release|Any CPU.Build.0 = Release|Any CPU
		{F566EDA3-7040-449C-B734-8CE3ABA3D8D9}.Release|ARM.ActiveCfg = Release|Any CPU
		{F566EDA3-7040-449C-B734-8CE3ABA3D8D9}.Release|ARM.Build.0 = Release|Any CPU
		{F566EDA3-7040-449C-B734-8CE3ABA3D8D9}.Release|ARM64.ActiveCfg = Release|Any CPU
		{F566EDA3-7040-449C-B734-8CE3ABA3D8D9}.Release|ARM64.Build.0 = Release|Any CPU
		{F566EDA3-7040-449C-B734-8CE3ABA3D8D9}.Release|x64.ActiveCfg = Release|Any CPU
		{F566EDA3-7040-449C-B734-8CE3ABA3D8D9}.Release|x64.Build.0 = Release|Any CPU
		{F566EDA3-7040-449C-B734-8CE3ABA3D8D9}.Release|x86.ActiveCfg = Release|Any CPU
		{F566EDA3-7040-449C-B734-8CE3ABA3D8D9}.Release|x86.Build.0 = Release|Any CPU
		{28C233A4-F253-4801-BF89-74EB4B06CAC9}.Debug|Any CPU.ActiveCfg = Debug|Any CPU
		{28C233A4-F253-4801-BF89-74EB4B06CAC9}.Debug|Any CPU.Build.0 = Debug|Any CPU
		{28C233A4-F253-4801-BF89-74EB4B06CAC9}.Debug|ARM.ActiveCfg = Debug|Any CPU
		{28C233A4-F253-4801-BF89-74EB4B06CAC9}.Debug|ARM.Build.0 = Debug|Any CPU
		{28C233A4-F253-4801-BF89-74EB4B06CAC9}.Debug|ARM64.ActiveCfg = Debug|Any CPU
		{28C233A4-F253-4801-BF89-74EB4B06CAC9}.Debug|ARM64.Build.0 = Debug|Any CPU
		{28C233A4-F253-4801-BF89-74EB4B06CAC9}.Debug|x64.ActiveCfg = Debug|Any CPU
		{28C233A4-F253-4801-BF89-74EB4B06CAC9}.Debug|x64.Build.0 = Debug|Any CPU
		{28C233A4-F253-4801-BF89-74EB4B06CAC9}.Debug|x86.ActiveCfg = Debug|Any CPU
		{28C233A4-F253-4801-BF89-74EB4B06CAC9}.Debug|x86.Build.0 = Debug|Any CPU
		{28C233A4-F253-4801-BF89-74EB4B06CAC9}.Release|Any CPU.ActiveCfg = Release|Any CPU
		{28C233A4-F253-4801-BF89-74EB4B06CAC9}.Release|Any CPU.Build.0 = Release|Any CPU
		{28C233A4-F253-4801-BF89-74EB4B06CAC9}.Release|ARM.ActiveCfg = Release|Any CPU
		{28C233A4-F253-4801-BF89-74EB4B06CAC9}.Release|ARM.Build.0 = Release|Any CPU
		{28C233A4-F253-4801-BF89-74EB4B06CAC9}.Release|ARM64.ActiveCfg = Release|Any CPU
		{28C233A4-F253-4801-BF89-74EB4B06CAC9}.Release|ARM64.Build.0 = Release|Any CPU
		{28C233A4-F253-4801-BF89-74EB4B06CAC9}.Release|x64.ActiveCfg = Release|Any CPU
		{28C233A4-F253-4801-BF89-74EB4B06CAC9}.Release|x64.Build.0 = Release|Any CPU
		{28C233A4-F253-4801-BF89-74EB4B06CAC9}.Release|x86.ActiveCfg = Release|Any CPU
		{28C233A4-F253-4801-BF89-74EB4B06CAC9}.Release|x86.Build.0 = Release|Any CPU
		{56FBAF44-B488-4E03-BF3E-167B123CEB06}.Debug|Any CPU.ActiveCfg = Debug|Any CPU
		{56FBAF44-B488-4E03-BF3E-167B123CEB06}.Debug|Any CPU.Build.0 = Debug|Any CPU
		{56FBAF44-B488-4E03-BF3E-167B123CEB06}.Debug|ARM.ActiveCfg = Debug|Any CPU
		{56FBAF44-B488-4E03-BF3E-167B123CEB06}.Debug|ARM.Build.0 = Debug|Any CPU
		{56FBAF44-B488-4E03-BF3E-167B123CEB06}.Debug|ARM64.ActiveCfg = Debug|Any CPU
		{56FBAF44-B488-4E03-BF3E-167B123CEB06}.Debug|ARM64.Build.0 = Debug|Any CPU
		{56FBAF44-B488-4E03-BF3E-167B123CEB06}.Debug|x64.ActiveCfg = Debug|Any CPU
		{56FBAF44-B488-4E03-BF3E-167B123CEB06}.Debug|x64.Build.0 = Debug|Any CPU
		{56FBAF44-B488-4E03-BF3E-167B123CEB06}.Debug|x86.ActiveCfg = Debug|Any CPU
		{56FBAF44-B488-4E03-BF3E-167B123CEB06}.Debug|x86.Build.0 = Debug|Any CPU
		{56FBAF44-B488-4E03-BF3E-167B123CEB06}.Release|Any CPU.ActiveCfg = Release|Any CPU
		{56FBAF44-B488-4E03-BF3E-167B123CEB06}.Release|Any CPU.Build.0 = Release|Any CPU
		{56FBAF44-B488-4E03-BF3E-167B123CEB06}.Release|ARM.ActiveCfg = Release|Any CPU
		{56FBAF44-B488-4E03-BF3E-167B123CEB06}.Release|ARM.Build.0 = Release|Any CPU
		{56FBAF44-B488-4E03-BF3E-167B123CEB06}.Release|ARM64.ActiveCfg = Release|Any CPU
		{56FBAF44-B488-4E03-BF3E-167B123CEB06}.Release|ARM64.Build.0 = Release|Any CPU
		{56FBAF44-B488-4E03-BF3E-167B123CEB06}.Release|x64.ActiveCfg = Release|Any CPU
		{56FBAF44-B488-4E03-BF3E-167B123CEB06}.Release|x64.Build.0 = Release|Any CPU
		{56FBAF44-B488-4E03-BF3E-167B123CEB06}.Release|x86.ActiveCfg = Release|Any CPU
		{56FBAF44-B488-4E03-BF3E-167B123CEB06}.Release|x86.Build.0 = Release|Any CPU
		{5D1D361E-7D67-4E2B-9B4B-3AD860DE7F50}.Debug|Any CPU.ActiveCfg = Debug|x86
		{5D1D361E-7D67-4E2B-9B4B-3AD860DE7F50}.Debug|ARM.ActiveCfg = Debug|ARM
		{5D1D361E-7D67-4E2B-9B4B-3AD860DE7F50}.Debug|ARM.Build.0 = Debug|ARM
		{5D1D361E-7D67-4E2B-9B4B-3AD860DE7F50}.Debug|ARM.Deploy.0 = Debug|ARM
		{5D1D361E-7D67-4E2B-9B4B-3AD860DE7F50}.Debug|ARM64.ActiveCfg = Debug|ARM64
		{5D1D361E-7D67-4E2B-9B4B-3AD860DE7F50}.Debug|ARM64.Build.0 = Debug|ARM64
		{5D1D361E-7D67-4E2B-9B4B-3AD860DE7F50}.Debug|ARM64.Deploy.0 = Debug|ARM64
		{5D1D361E-7D67-4E2B-9B4B-3AD860DE7F50}.Debug|x64.ActiveCfg = Debug|x64
		{5D1D361E-7D67-4E2B-9B4B-3AD860DE7F50}.Debug|x64.Build.0 = Debug|x64
		{5D1D361E-7D67-4E2B-9B4B-3AD860DE7F50}.Debug|x64.Deploy.0 = Debug|x64
		{5D1D361E-7D67-4E2B-9B4B-3AD860DE7F50}.Debug|x86.ActiveCfg = Debug|x86
		{5D1D361E-7D67-4E2B-9B4B-3AD860DE7F50}.Debug|x86.Build.0 = Debug|x86
		{5D1D361E-7D67-4E2B-9B4B-3AD860DE7F50}.Debug|x86.Deploy.0 = Debug|x86
		{5D1D361E-7D67-4E2B-9B4B-3AD860DE7F50}.Release|Any CPU.ActiveCfg = Release|x86
		{5D1D361E-7D67-4E2B-9B4B-3AD860DE7F50}.Release|ARM.ActiveCfg = Release|ARM
		{5D1D361E-7D67-4E2B-9B4B-3AD860DE7F50}.Release|ARM.Build.0 = Release|ARM
		{5D1D361E-7D67-4E2B-9B4B-3AD860DE7F50}.Release|ARM.Deploy.0 = Release|ARM
		{5D1D361E-7D67-4E2B-9B4B-3AD860DE7F50}.Release|ARM64.ActiveCfg = Release|ARM64
		{5D1D361E-7D67-4E2B-9B4B-3AD860DE7F50}.Release|ARM64.Build.0 = Release|ARM64
		{5D1D361E-7D67-4E2B-9B4B-3AD860DE7F50}.Release|ARM64.Deploy.0 = Release|ARM64
		{5D1D361E-7D67-4E2B-9B4B-3AD860DE7F50}.Release|x64.ActiveCfg = Release|x64
		{5D1D361E-7D67-4E2B-9B4B-3AD860DE7F50}.Release|x64.Build.0 = Release|x64
		{5D1D361E-7D67-4E2B-9B4B-3AD860DE7F50}.Release|x64.Deploy.0 = Release|x64
		{5D1D361E-7D67-4E2B-9B4B-3AD860DE7F50}.Release|x86.ActiveCfg = Release|x86
		{5D1D361E-7D67-4E2B-9B4B-3AD860DE7F50}.Release|x86.Build.0 = Release|x86
		{5D1D361E-7D67-4E2B-9B4B-3AD860DE7F50}.Release|x86.Deploy.0 = Release|x86
		{AED00581-BD5D-4847-A501-01091C67B14C}.Debug|Any CPU.ActiveCfg = Debug|Any CPU
		{AED00581-BD5D-4847-A501-01091C67B14C}.Debug|Any CPU.Build.0 = Debug|Any CPU
		{AED00581-BD5D-4847-A501-01091C67B14C}.Debug|ARM.ActiveCfg = Debug|Any CPU
		{AED00581-BD5D-4847-A501-01091C67B14C}.Debug|ARM.Build.0 = Debug|Any CPU
		{AED00581-BD5D-4847-A501-01091C67B14C}.Debug|ARM64.ActiveCfg = Debug|Any CPU
		{AED00581-BD5D-4847-A501-01091C67B14C}.Debug|ARM64.Build.0 = Debug|Any CPU
		{AED00581-BD5D-4847-A501-01091C67B14C}.Debug|x64.ActiveCfg = Debug|Any CPU
		{AED00581-BD5D-4847-A501-01091C67B14C}.Debug|x64.Build.0 = Debug|Any CPU
		{AED00581-BD5D-4847-A501-01091C67B14C}.Debug|x86.ActiveCfg = Debug|Any CPU
		{AED00581-BD5D-4847-A501-01091C67B14C}.Debug|x86.Build.0 = Debug|Any CPU
		{AED00581-BD5D-4847-A501-01091C67B14C}.Release|Any CPU.ActiveCfg = Release|Any CPU
		{AED00581-BD5D-4847-A501-01091C67B14C}.Release|Any CPU.Build.0 = Release|Any CPU
		{AED00581-BD5D-4847-A501-01091C67B14C}.Release|ARM.ActiveCfg = Release|Any CPU
		{AED00581-BD5D-4847-A501-01091C67B14C}.Release|ARM.Build.0 = Release|Any CPU
		{AED00581-BD5D-4847-A501-01091C67B14C}.Release|ARM64.ActiveCfg = Release|Any CPU
		{AED00581-BD5D-4847-A501-01091C67B14C}.Release|ARM64.Build.0 = Release|Any CPU
		{AED00581-BD5D-4847-A501-01091C67B14C}.Release|x64.ActiveCfg = Release|Any CPU
		{AED00581-BD5D-4847-A501-01091C67B14C}.Release|x64.Build.0 = Release|Any CPU
		{AED00581-BD5D-4847-A501-01091C67B14C}.Release|x86.ActiveCfg = Release|Any CPU
		{AED00581-BD5D-4847-A501-01091C67B14C}.Release|x86.Build.0 = Release|Any CPU
	EndGlobalSection
	GlobalSection(SolutionProperties) = preSolution
		HideSolutionNode = FALSE
	EndGlobalSection
	GlobalSection(ExtensibilityGlobals) = postSolution
		SolutionGuid = {CC261122-DC9E-401C-B33B-679599087F69}
	EndGlobalSection
EndGlobal
